
Microsoft Visual Studio Solution File, Format Version 12.00
# Visual Studio Version 16
VisualStudioVersion = 16.0.28606.126
MinimumVisualStudioVersion = 10.0.40219.1
Project("{9A19103F-16F7-4668-BE54-9A1E7A4F7556}") = "CoreWebApplication", "src\CoreWebApplication\CoreWebApplication.csproj", "{761CCB69-640D-4F9C-8CDD-B385B54B3F97}"
EndProject
Project("{9A19103F-16F7-4668-BE54-9A1E7A4F7556}") = "Heroic.Shared", "src\HeroicQuest.Shared\Heroic.Shared.csproj", "{8520E7F4-AA6C-49F7-A3FC-9F1AF9B1EB5D}"
EndProject
Project("{FAE04EC0-301F-11D3-BF4B-00C04F79EFBC}") = "Heroic.App", "src\HeroicQuest.App\Heroic.App.csproj", "{35D4A77C-3628-427B-BEEF-20FB3122B2CF}"
EndProject
Project("{E53339B2-1760-4266-BCC7-CA923CBCF16C}") = "docker-compose", "docker-compose.dcproj", "{93B168CB-513D-4F31-A523-00F4315C8129}"
EndProject
Global
	GlobalSection(SolutionConfigurationPlatforms) = preSolution
		Debug|Any CPU = Debug|Any CPU
		Debug|ARM = Debug|ARM
		Debug|x64 = Debug|x64
		Debug|x86 = Debug|x86
		Release|Any CPU = Release|Any CPU
		Release|ARM = Release|ARM
		Release|x64 = Release|x64
		Release|x86 = Release|x86
	EndGlobalSection
	GlobalSection(ProjectConfigurationPlatforms) = postSolution
		{761CCB69-640D-4F9C-8CDD-B385B54B3F97}.Debug|Any CPU.ActiveCfg = Debug|Any CPU
		{761CCB69-640D-4F9C-8CDD-B385B54B3F97}.Debug|Any CPU.Build.0 = Debug|Any CPU
		{761CCB69-640D-4F9C-8CDD-B385B54B3F97}.Debug|ARM.ActiveCfg = Debug|Any CPU
		{761CCB69-640D-4F9C-8CDD-B385B54B3F97}.Debug|ARM.Build.0 = Debug|Any CPU
		{761CCB69-640D-4F9C-8CDD-B385B54B3F97}.Debug|x64.ActiveCfg = Debug|Any CPU
		{761CCB69-640D-4F9C-8CDD-B385B54B3F97}.Debug|x64.Build.0 = Debug|Any CPU
		{761CCB69-640D-4F9C-8CDD-B385B54B3F97}.Debug|x86.ActiveCfg = Debug|Any CPU
		{761CCB69-640D-4F9C-8CDD-B385B54B3F97}.Debug|x86.Build.0 = Debug|Any CPU
		{761CCB69-640D-4F9C-8CDD-B385B54B3F97}.Release|Any CPU.ActiveCfg = Release|Any CPU
		{761CCB69-640D-4F9C-8CDD-B385B54B3F97}.Release|Any CPU.Build.0 = Release|Any CPU
		{761CCB69-640D-4F9C-8CDD-B385B54B3F97}.Release|ARM.ActiveCfg = Release|Any CPU
		{761CCB69-640D-4F9C-8CDD-B385B54B3F97}.Release|ARM.Build.0 = Release|Any CPU
		{761CCB69-640D-4F9C-8CDD-B385B54B3F97}.Release|x64.ActiveCfg = Release|Any CPU
		{761CCB69-640D-4F9C-8CDD-B385B54B3F97}.Release|x64.Build.0 = Release|Any CPU
		{761CCB69-640D-4F9C-8CDD-B385B54B3F97}.Release|x86.ActiveCfg = Release|Any CPU
		{761CCB69-640D-4F9C-8CDD-B385B54B3F97}.Release|x86.Build.0 = Release|Any CPU
		{8520E7F4-AA6C-49F7-A3FC-9F1AF9B1EB5D}.Debug|Any CPU.ActiveCfg = Debug|Any CPU
		{8520E7F4-AA6C-49F7-A3FC-9F1AF9B1EB5D}.Debug|Any CPU.Build.0 = Debug|Any CPU
		{8520E7F4-AA6C-49F7-A3FC-9F1AF9B1EB5D}.Debug|ARM.ActiveCfg = Debug|Any CPU
		{8520E7F4-AA6C-49F7-A3FC-9F1AF9B1EB5D}.Debug|ARM.Build.0 = Debug|Any CPU
		{8520E7F4-AA6C-49F7-A3FC-9F1AF9B1EB5D}.Debug|x64.ActiveCfg = Debug|Any CPU
		{8520E7F4-AA6C-49F7-A3FC-9F1AF9B1EB5D}.Debug|x64.Build.0 = Debug|Any CPU
		{8520E7F4-AA6C-49F7-A3FC-9F1AF9B1EB5D}.Debug|x86.ActiveCfg = Debug|Any CPU
		{8520E7F4-AA6C-49F7-A3FC-9F1AF9B1EB5D}.Debug|x86.Build.0 = Debug|Any CPU
		{8520E7F4-AA6C-49F7-A3FC-9F1AF9B1EB5D}.Release|Any CPU.ActiveCfg = Release|Any CPU
		{8520E7F4-AA6C-49F7-A3FC-9F1AF9B1EB5D}.Release|Any CPU.Build.0 = Release|Any CPU
		{8520E7F4-AA6C-49F7-A3FC-9F1AF9B1EB5D}.Release|ARM.ActiveCfg = Release|Any CPU
		{8520E7F4-AA6C-49F7-A3FC-9F1AF9B1EB5D}.Release|ARM.Build.0 = Release|Any CPU
		{8520E7F4-AA6C-49F7-A3FC-9F1AF9B1EB5D}.Release|x64.ActiveCfg = Release|Any CPU
		{8520E7F4-AA6C-49F7-A3FC-9F1AF9B1EB5D}.Release|x64.Build.0 = Release|Any CPU
		{8520E7F4-AA6C-49F7-A3FC-9F1AF9B1EB5D}.Release|x86.ActiveCfg = Release|Any CPU
		{8520E7F4-AA6C-49F7-A3FC-9F1AF9B1EB5D}.Release|x86.Build.0 = Release|Any CPU
		{35D4A77C-3628-427B-BEEF-20FB3122B2CF}.Debug|Any CPU.ActiveCfg = Debug|x86
		{35D4A77C-3628-427B-BEEF-20FB3122B2CF}.Debug|ARM.ActiveCfg = Debug|ARM
		{35D4A77C-3628-427B-BEEF-20FB3122B2CF}.Debug|ARM.Build.0 = Debug|ARM
		{35D4A77C-3628-427B-BEEF-20FB3122B2CF}.Debug|ARM.Deploy.0 = Debug|ARM
		{35D4A77C-3628-427B-BEEF-20FB3122B2CF}.Debug|x64.ActiveCfg = Debug|x64
		{35D4A77C-3628-427B-BEEF-20FB3122B2CF}.Debug|x64.Build.0 = Debug|x64
		{35D4A77C-3628-427B-BEEF-20FB3122B2CF}.Debug|x64.Deploy.0 = Debug|x64
		{35D4A77C-3628-427B-BEEF-20FB3122B2CF}.Debug|x86.ActiveCfg = Debug|x86
		{35D4A77C-3628-427B-BEEF-20FB3122B2CF}.Debug|x86.Build.0 = Debug|x86
		{35D4A77C-3628-427B-BEEF-20FB3122B2CF}.Debug|x86.Deploy.0 = Debug|x86
		{35D4A77C-3628-427B-BEEF-20FB3122B2CF}.Release|Any CPU.ActiveCfg = Release|x86
		{35D4A77C-3628-427B-BEEF-20FB3122B2CF}.Release|ARM.ActiveCfg = Release|ARM
		{35D4A77C-3628-427B-BEEF-20FB3122B2CF}.Release|ARM.Build.0 = Release|ARM
		{35D4A77C-3628-427B-BEEF-20FB3122B2CF}.Release|ARM.Deploy.0 = Release|ARM
		{35D4A77C-3628-427B-BEEF-20FB3122B2CF}.Release|x64.ActiveCfg = Release|x64
		{35D4A77C-3628-427B-BEEF-20FB3122B2CF}.Release|x64.Build.0 = Release|x64
		{35D4A77C-3628-427B-BEEF-20FB3122B2CF}.Release|x64.Deploy.0 = Release|x64
		{35D4A77C-3628-427B-BEEF-20FB3122B2CF}.Release|x86.ActiveCfg = Release|x86
		{35D4A77C-3628-427B-BEEF-20FB3122B2CF}.Release|x86.Build.0 = Release|x86
		{35D4A77C-3628-427B-BEEF-20FB3122B2CF}.Release|x86.Deploy.0 = Release|x86
		{93B168CB-513D-4F31-A523-00F4315C8129}.Debug|Any CPU.ActiveCfg = Debug|Any CPU
		{93B168CB-513D-4F31-A523-00F4315C8129}.Debug|Any CPU.Build.0 = Debug|Any CPU
		{93B168CB-513D-4F31-A523-00F4315C8129}.Debug|ARM.ActiveCfg = Debug|Any CPU
		{93B168CB-513D-4F31-A523-00F4315C8129}.Debug|ARM.Build.0 = Debug|Any CPU
		{93B168CB-513D-4F31-A523-00F4315C8129}.Debug|x64.ActiveCfg = Debug|Any CPU
		{93B168CB-513D-4F31-A523-00F4315C8129}.Debug|x64.Build.0 = Debug|Any CPU
		{93B168CB-513D-4F31-A523-00F4315C8129}.Debug|x86.ActiveCfg = Debug|Any CPU
		{93B168CB-513D-4F31-A523-00F4315C8129}.Debug|x86.Build.0 = Debug|Any CPU
		{93B168CB-513D-4F31-A523-00F4315C8129}.Release|Any CPU.ActiveCfg = Release|Any CPU
		{93B168CB-513D-4F31-A523-00F4315C8129}.Release|Any CPU.Build.0 = Release|Any CPU
		{93B168CB-513D-4F31-A523-00F4315C8129}.Release|ARM.ActiveCfg = Release|Any CPU
		{93B168CB-513D-4F31-A523-00F4315C8129}.Release|ARM.Build.0 = Release|Any CPU
		{93B168CB-513D-4F31-A523-00F4315C8129}.Release|x64.ActiveCfg = Release|Any CPU
		{93B168CB-513D-4F31-A523-00F4315C8129}.Release|x64.Build.0 = Release|Any CPU
		{93B168CB-513D-4F31-A523-00F4315C8129}.Release|x86.ActiveCfg = Release|Any CPU
		{93B168CB-513D-4F31-A523-00F4315C8129}.Release|x86.Build.0 = Release|Any CPU
	EndGlobalSection
	GlobalSection(SolutionProperties) = preSolution
		HideSolutionNode = FALSE
	EndGlobalSection
	GlobalSection(ExtensibilityGlobals) = postSolution
		SolutionGuid = {A870B8F8-CE4E-4346-8883-09AEAAB164F0}
	EndGlobalSection
EndGlobal
